// !$*UTF8*$!
{
	archiveVersion = 1;
	classes = {
	};
	objectVersion = 60;
	objects = {

/* Begin PBXBuildFile section */
		301FD7A42FD813C20019443E /* AppCells.swift in Sources */ = {isa = PBXBuildFile; fileRef = 301FD7502FD813C20019443E /* AppCells.swift */; };
		301FD7A52FD813C20019443E /* AchievementBannerView.swift in Sources */ = {isa = PBXBuildFile; fileRef = 301FD7522FD813C20019443E /* AchievementBannerView.swift */; };
		301FD7A62FD813C20019443E /* AppBackgroundView.swift in Sources */ = {isa = PBXBuildFile; fileRef = 301FD7532FD813C20019443E /* AppBackgroundView.swift */; };
		301FD7A72FD813C20019443E /* AppVisualStyle.swift in Sources */ = {isa = PBXBuildFile; fileRef = 301FD7542FD813C20019443E /* AppVisualStyle.swift */; };
		301FD7A82FD813C20019443E /* DesignSystem.swift in Sources */ = {isa = PBXBuildFile; fileRef = 301FD7552FD813C20019443E /* DesignSystem.swift */; };
		301FD7A92FD813C20019443E /* SuccessFeedback.swift in Sources */ = {isa = PBXBuildFile; fileRef = 301FD7562FD813C20019443E /* SuccessFeedback.swift */; };
		301FD7AA2FD813C20019443E /* RecipeCatalog.swift in Sources */ = {isa = PBXBuildFile; fileRef = 301FD7582FD813C20019443E /* RecipeCatalog.swift */; };
		301FD7AB2FD813C20019443E /* RecipeRepository.swift in Sources */ = {isa = PBXBuildFile; fileRef = 301FD7592FD813C20019443E /* RecipeRepository.swift */; };
		301FD7AC2FD813C20019443E /* Notification+Names.swift in Sources */ = {isa = PBXBuildFile; fileRef = 301FD75B2FD813C20019443E /* Notification+Names.swift */; };
		301FD7AD2FD813C20019443E /* AchievementDefinition.swift in Sources */ = {isa = PBXBuildFile; fileRef = 301FD75D2FD813C20019443E /* AchievementDefinition.swift */; };
		301FD7AE2FD813C20019443E /* BatchCookSession.swift in Sources */ = {isa = PBXBuildFile; fileRef = 301FD75E2FD813C20019443E /* BatchCookSession.swift */; };
		301FD7AF2FD813C20019443E /* CookedRecipeEntry.swift in Sources */ = {isa = PBXBuildFile; fileRef = 301FD75F2FD813C20019443E /* CookedRecipeEntry.swift */; };
		301FD7B02FD813C20019443E /* CookingTimer.swift in Sources */ = {isa = PBXBuildFile; fileRef = 301FD7602FD813C20019443E /* CookingTimer.swift */; };
		301FD7B12FD813C20019443E /* MealPlanEntry.swift in Sources */ = {isa = PBXBuildFile; fileRef = 301FD7612FD813C20019443E /* MealPlanEntry.swift */; };
		301FD7B22FD813C20019443E /* PantryItem.swift in Sources */ = {isa = PBXBuildFile; fileRef = 301FD7622FD813C20019443E /* PantryItem.swift */; };
		301FD7B32FD813C20019443E /* Recipe.swift in Sources */ = {isa = PBXBuildFile; fileRef = 301FD7632FD813C20019443E /* Recipe.swift */; };
		301FD7B42FD813C20019443E /* RecipeCollection.swift in Sources */ = {isa = PBXBuildFile; fileRef = 301FD7642FD813C20019443E /* RecipeCollection.swift */; };
		301FD7B52FD813C20019443E /* RecipeTag.swift in Sources */ = {isa = PBXBuildFile; fileRef = 301FD7652FD813C20019443E /* RecipeTag.swift */; };
		301FD7B62FD813C20019443E /* ShoppingListItem.swift in Sources */ = {isa = PBXBuildFile; fileRef = 301FD7662FD813C20019443E /* ShoppingListItem.swift */; };
		301FD7B72FD813C20019443E /* AppStorage.swift in Sources */ = {isa = PBXBuildFile; fileRef = 301FD7682FD813C20019443E /* AppStorage.swift */; };
		301FD7B82FD813C20019443E /* HapticFeedback.swift in Sources */ = {isa = PBXBuildFile; fileRef = 301FD76A2FD813C20019443E /* HapticFeedback.swift */; };
		301FD7B92FD813C20019443E /* ShakeEffect.swift in Sources */ = {isa = PBXBuildFile; fileRef = 301FD76B2FD813C20019443E /* ShakeEffect.swift */; };
		301FD7BA2FD813C20019443E /* SystemSound.swift in Sources */ = {isa = PBXBuildFile; fileRef = 301FD76C2FD813C20019443E /* SystemSound.swift */; };
		301FD7BB2FD813C20019443E /* AchievementsView.swift in Sources */ = {isa = PBXBuildFile; fileRef = 301FD76F2FD813C20019443E /* AchievementsView.swift */; };
		301FD7BC2FD813C20019443E /* BatchCookingView.swift in Sources */ = {isa = PBXBuildFile; fileRef = 301FD7712FD813C20019443E /* BatchCookingView.swift */; };
		301FD7BD2FD813C20019443E /* CollectionsView.swift in Sources */ = {isa = PBXBuildFile; fileRef = 301FD7732FD813C20019443E /* CollectionsView.swift */; };
		301FD7BE2FD813C20019443E /* AddTimerView.swift in Sources */ = {isa = PBXBuildFile; fileRef = 301FD7752FD813C20019443E /* AddTimerView.swift */; };
		301FD7BF2FD813C20019443E /* CookingAlarmsView.swift in Sources */ = {isa = PBXBuildFile; fileRef = 301FD7762FD813C20019443E /* CookingAlarmsView.swift */; };
		301FD7C02FD813C20019443E /* CookingAlarmsViewModel.swift in Sources */ = {isa = PBXBuildFile; fileRef = 301FD7772FD813C20019443E /* CookingAlarmsViewModel.swift */; };
		301FD7C12FD813C20019443E /* CookModeView.swift in Sources */ = {isa = PBXBuildFile; fileRef = 301FD7792FD813C20019443E /* CookModeView.swift */; };
		301FD7C22FD813C20019443E /* AddRecipeView.swift in Sources */ = {isa = PBXBuildFile; fileRef = 301FD77B2FD813C20019443E /* AddRecipeView.swift */; };
		301FD7C32FD813C20019443E /* HomeView.swift in Sources */ = {isa = PBXBuildFile; fileRef = 301FD77D2FD813C20019443E /* HomeView.swift */; };
		301FD7C42FD813C20019443E /* HomeViewModel.swift in Sources */ = {isa = PBXBuildFile; fileRef = 301FD77E2FD813C20019443E /* HomeViewModel.swift */; };
		301FD7C52FD813C20019443E /* KitchenHubView.swift in Sources */ = {isa = PBXBuildFile; fileRef = 301FD7802FD813C20019443E /* KitchenHubView.swift */; };
		301FD7C62FD813C20019443E /* MainTabView.swift in Sources */ = {isa = PBXBuildFile; fileRef = 301FD7822FD813C20019443E /* MainTabView.swift */; };
		301FD7C72FD813C20019443E /* MealPlanView.swift in Sources */ = {isa = PBXBuildFile; fileRef = 301FD7842FD813C20019443E /* MealPlanView.swift */; };
		301FD7C82FD813C20019443E /* OnboardingView.swift in Sources */ = {isa = PBXBuildFile; fileRef = 301FD7862FD813C20019443E /* OnboardingView.swift */; };
		301FD7C92FD813C20019443E /* PantryItemFormView.swift in Sources */ = {isa = PBXBuildFile; fileRef = 301FD7882FD813C20019443E /* PantryItemFormView.swift */; };
		301FD7CA2FD813C20019443E /* PantryStatsView.swift in Sources */ = {isa = PBXBuildFile; fileRef = 301FD7892FD813C20019443E /* PantryStatsView.swift */; };
		301FD7CB2FD813C20019443E /* PantryTrackerView.swift in Sources */ = {isa = PBXBuildFile; fileRef = 301FD78A2FD813C20019443E /* PantryTrackerView.swift */; };
		301FD7CC2FD813C20019443E /* PantryTrackerViewModel.swift in Sources */ = {isa = PBXBuildFile; fileRef = 301FD78B2FD813C20019443E /* PantryTrackerViewModel.swift */; };
		301FD7CD2FD813C20019443E /* RecipeDetailView.swift in Sources */ = {isa = PBXBuildFile; fileRef = 301FD78D2FD813C20019443E /* RecipeDetailView.swift */; };
		301FD7CE2FD813C20019443E /* RecipeFinderView.swift in Sources */ = {isa = PBXBuildFile; fileRef = 301FD78E2FD813C20019443E /* RecipeFinderView.swift */; };
		301FD7CF2FD813C20019443E /* RecipeFinderViewModel.swift in Sources */ = {isa = PBXBuildFile; fileRef = 301FD78F2FD813C20019443E /* RecipeFinderViewModel.swift */; };
		301FD7D02FD813C20019443E /* AppLegalLinks.swift in Sources */ = {isa = PBXBuildFile; fileRef = 301FD7912FD813C20019443E /* AppLegalLinks.swift */; };
		301FD7D12FD813C20019443E /* SettingsView.swift in Sources */ = {isa = PBXBuildFile; fileRef = 301FD7922FD813C20019443E /* SettingsView.swift */; };
		301FD7D22FD813C20019443E /* ShoppingListView.swift in Sources */ = {isa = PBXBuildFile; fileRef = 301FD7942FD813C20019443E /* ShoppingListView.swift */; };
		301FD7D32FD813C20019443E /* AppDelegate.swift in Sources */ = {isa = PBXBuildFile; fileRef = 301FD7992FD813C20019443E /* AppDelegate.swift */; };
		301FD7D42FD813C20019443E /* ContentView.swift in Sources */ = {isa = PBXBuildFile; fileRef = 301FD79B2FD813C20019443E /* ContentView.swift */; };
		301FD7D52FD813C20019443E /* SceneDelegate.swift in Sources */ = {isa = PBXBuildFile; fileRef = 301FD7A12FD813C20019443E /* SceneDelegate.swift */; };
		301FD7D62FD813C20019443E /* ViewController.swift in Sources */ = {isa = PBXBuildFile; fileRef = 301FD7A22FD813C20019443E /* ViewController.swift */; };
		301FD7D72FD813C20019443E /* privacy_policy.md in Resources */ = {isa = PBXBuildFile; fileRef = 301FD7972FD813C20019443E /* privacy_policy.md */; };
		301FD7D82FD813C20019443E /* Assets.xcassets in Resources */ = {isa = PBXBuildFile; fileRef = 301FD79A2FD813C20019443E /* Assets.xcassets */; };
		301FD7DA2FD813C20019443E /* LaunchScreen.storyboard in Resources */ = {isa = PBXBuildFile; fileRef = 301FD79E2FD813C20019443E /* LaunchScreen.storyboard */; };
		301FD7DB2FD813C20019443E /* Main.storyboard in Resources */ = {isa = PBXBuildFile; fileRef = 301FD7A02FD813C20019443E /* Main.storyboard */; };
/* End PBXBuildFile section */

/* Begin PBXFileReference section */
		301FD5062FD74CB50019443E /* 211NorellSummit.app */ = {isa = PBXFileReference; explicitFileType = wrapper.application; includeInIndex = 0; path = 211NorellSummit.app; sourceTree = BUILT_PRODUCTS_DIR; };
		301FD7502FD813C20019443E /* AppCells.swift */ = {isa = PBXFileReference; lastKnownFileType = sourcecode.swift; path = AppCells.swift; sourceTree = "<group>"; };
		301FD7522FD813C20019443E /* AchievementBannerView.swift */ = {isa = PBXFileReference; lastKnownFileType = sourcecode.swift; path = AchievementBannerView.swift; sourceTree = "<group>"; };
		301FD7532FD813C20019443E /* AppBackgroundView.swift */ = {isa = PBXFileReference; lastKnownFileType = sourcecode.swift; path = AppBackgroundView.swift; sourceTree = "<group>"; };
		301FD7542FD813C20019443E /* AppVisualStyle.swift */ = {isa = PBXFileReference; lastKnownFileType = sourcecode.swift; path = AppVisualStyle.swift; sourceTree = "<group>"; };
		301FD7552FD813C20019443E /* DesignSystem.swift */ = {isa = PBXFileReference; lastKnownFileType = sourcecode.swift; path = DesignSystem.swift; sourceTree = "<group>"; };
		301FD7562FD813C20019443E /* SuccessFeedback.swift */ = {isa = PBXFileReference; lastKnownFileType = sourcecode.swift; path = SuccessFeedback.swift; sourceTree = "<group>"; };
		301FD7582FD813C20019443E /* RecipeCatalog.swift */ = {isa = PBXFileReference; lastKnownFileType = sourcecode.swift; path = RecipeCatalog.swift; sourceTree = "<group>"; };
		301FD7592FD813C20019443E /* RecipeRepository.swift */ = {isa = PBXFileReference; lastKnownFileType = sourcecode.swift; path = RecipeRepository.swift; sourceTree = "<group>"; };
		301FD75B2FD813C20019443E /* Notification+Names.swift */ = {isa = PBXFileReference; lastKnownFileType = sourcecode.swift; path = "Notification+Names.swift"; sourceTree = "<group>"; };
		301FD75D2FD813C20019443E /* AchievementDefinition.swift */ = {isa = PBXFileReference; lastKnownFileType = sourcecode.swift; path = AchievementDefinition.swift; sourceTree = "<group>"; };
		301FD75E2FD813C20019443E /* BatchCookSession.swift */ = {isa = PBXFileReference; lastKnownFileType = sourcecode.swift; path = BatchCookSession.swift; sourceTree = "<group>"; };
		301FD75F2FD813C20019443E /* CookedRecipeEntry.swift */ = {isa = PBXFileReference; lastKnownFileType = sourcecode.swift; path = CookedRecipeEntry.swift; sourceTree = "<group>"; };
		301FD7602FD813C20019443E /* CookingTimer.swift */ = {isa = PBXFileReference; lastKnownFileType = sourcecode.swift; path = CookingTimer.swift; sourceTree = "<group>"; };
		301FD7612FD813C20019443E /* MealPlanEntry.swift */ = {isa = PBXFileReference; lastKnownFileType = sourcecode.swift; path = MealPlanEntry.swift; sourceTree = "<group>"; };
		301FD7622FD813C20019443E /* PantryItem.swift */ = {isa = PBXFileReference; lastKnownFileType = sourcecode.swift; path = PantryItem.swift; sourceTree = "<group>"; };
		301FD7632FD813C20019443E /* Recipe.swift */ = {isa = PBXFileReference; lastKnownFileType = sourcecode.swift; path = Recipe.swift; sourceTree = "<group>"; };
		301FD7642FD813C20019443E /* RecipeCollection.swift */ = {isa = PBXFileReference; lastKnownFileType = sourcecode.swift; path = RecipeCollection.swift; sourceTree = "<group>"; };
		301FD7652FD813C20019443E /* RecipeTag.swift */ = {isa = PBXFileReference; lastKnownFileType = sourcecode.swift; path = RecipeTag.swift; sourceTree = "<group>"; };
		301FD7662FD813C20019443E /* ShoppingListItem.swift */ = {isa = PBXFileReference; lastKnownFileType = sourcecode.swift; path = ShoppingListItem.swift; sourceTree = "<group>"; };
		301FD7682FD813C20019443E /* AppStorage.swift */ = {isa = PBXFileReference; lastKnownFileType = sourcecode.swift; path = AppStorage.swift; sourceTree = "<group>"; };
		301FD76A2FD813C20019443E /* HapticFeedback.swift */ = {isa = PBXFileReference; lastKnownFileType = sourcecode.swift; path = HapticFeedback.swift; sourceTree = "<group>"; };
		301FD76B2FD813C20019443E /* ShakeEffect.swift */ = {isa = PBXFileReference; lastKnownFileType = sourcecode.swift; path = ShakeEffect.swift; sourceTree = "<group>"; };
		301FD76C2FD813C20019443E /* SystemSound.swift */ = {isa = PBXFileReference; lastKnownFileType = sourcecode.swift; path = SystemSound.swift; sourceTree = "<group>"; };
		301FD76F2FD813C20019443E /* AchievementsView.swift */ = {isa = PBXFileReference; lastKnownFileType = sourcecode.swift; path = AchievementsView.swift; sourceTree = "<group>"; };
		301FD7712FD813C20019443E /* BatchCookingView.swift */ = {isa = PBXFileReference; lastKnownFileType = sourcecode.swift; path = BatchCookingView.swift; sourceTree = "<group>"; };
		301FD7732FD813C20019443E /* CollectionsView.swift */ = {isa = PBXFileReference; lastKnownFileType = sourcecode.swift; path = CollectionsView.swift; sourceTree = "<group>"; };
		301FD7752FD813C20019443E /* AddTimerView.swift */ = {isa = PBXFileReference; lastKnownFileType = sourcecode.swift; path = AddTimerView.swift; sourceTree = "<group>"; };
		301FD7762FD813C20019443E /* CookingAlarmsView.swift */ = {isa = PBXFileReference; lastKnownFileType = sourcecode.swift; path = CookingAlarmsView.swift; sourceTree = "<group>"; };
		301FD7772FD813C20019443E /* CookingAlarmsViewModel.swift */ = {isa = PBXFileReference; lastKnownFileType = sourcecode.swift; path = CookingAlarmsViewModel.swift; sourceTree = "<group>"; };
		301FD7792FD813C20019443E /* CookModeView.swift */ = {isa = PBXFileReference; lastKnownFileType = sourcecode.swift; path = CookModeView.swift; sourceTree = "<group>"; };
		301FD77B2FD813C20019443E /* AddRecipeView.swift */ = {isa = PBXFileReference; lastKnownFileType = sourcecode.swift; path = AddRecipeView.swift; sourceTree = "<group>"; };
		301FD77D2FD813C20019443E /* HomeView.swift */ = {isa = PBXFileReference; lastKnownFileType = sourcecode.swift; path = HomeView.swift; sourceTree = "<group>"; };
		301FD77E2FD813C20019443E /* HomeViewModel.swift */ = {isa = PBXFileReference; lastKnownFileType = sourcecode.swift; path = HomeViewModel.swift; sourceTree = "<group>"; };
		301FD7802FD813C20019443E /* KitchenHubView.swift */ = {isa = PBXFileReference; lastKnownFileType = sourcecode.swift; path = KitchenHubView.swift; sourceTree = "<group>"; };
		301FD7822FD813C20019443E /* MainTabView.swift */ = {isa = PBXFileReference; lastKnownFileType = sourcecode.swift; path = MainTabView.swift; sourceTree = "<group>"; };
		301FD7842FD813C20019443E /* MealPlanView.swift */ = {isa = PBXFileReference; lastKnownFileType = sourcecode.swift; path = MealPlanView.swift; sourceTree = "<group>"; };
		301FD7862FD813C20019443E /* OnboardingView.swift */ = {isa = PBXFileReference; lastKnownFileType = sourcecode.swift; path = OnboardingView.swift; sourceTree = "<group>"; };
		301FD7882FD813C20019443E /* PantryItemFormView.swift */ = {isa = PBXFileReference; lastKnownFileType = sourcecode.swift; path = PantryItemFormView.swift; sourceTree = "<group>"; };
		301FD7892FD813C20019443E /* PantryStatsView.swift */ = {isa = PBXFileReference; lastKnownFileType = sourcecode.swift; path = PantryStatsView.swift; sourceTree = "<group>"; };
		301FD78A2FD813C20019443E /* PantryTrackerView.swift */ = {isa = PBXFileReference; lastKnownFileType = sourcecode.swift; path = PantryTrackerView.swift; sourceTree = "<group>"; };
		301FD78B2FD813C20019443E /* PantryTrackerViewModel.swift */ = {isa = PBXFileReference; lastKnownFileType = sourcecode.swift; path = PantryTrackerViewModel.swift; sourceTree = "<group>"; };
		301FD78D2FD813C20019443E /* RecipeDetailView.swift */ = {isa = PBXFileReference; lastKnownFileType = sourcecode.swift; path = RecipeDetailView.swift; sourceTree = "<group>"; };
		301FD78E2FD813C20019443E /* RecipeFinderView.swift */ = {isa = PBXFileReference; lastKnownFileType = sourcecode.swift; path = RecipeFinderView.swift; sourceTree = "<group>"; };
		301FD78F2FD813C20019443E /* RecipeFinderViewModel.swift */ = {isa = PBXFileReference; lastKnownFileType = sourcecode.swift; path = RecipeFinderViewModel.swift; sourceTree = "<group>"; };
		301FD7912FD813C20019443E /* AppLegalLinks.swift */ = {isa = PBXFileReference; lastKnownFileType = sourcecode.swift; path = AppLegalLinks.swift; sourceTree = "<group>"; };
		301FD7922FD813C20019443E /* SettingsView.swift */ = {isa = PBXFileReference; lastKnownFileType = sourcecode.swift; path = SettingsView.swift; sourceTree = "<group>"; };
		301FD7942FD813C20019443E /* ShoppingListView.swift */ = {isa = PBXFileReference; lastKnownFileType = sourcecode.swift; path = ShoppingListView.swift; sourceTree = "<group>"; };
		301FD7972FD813C20019443E /* privacy_policy.md */ = {isa = PBXFileReference; lastKnownFileType = net.daringfireball.markdown; path = privacy_policy.md; sourceTree = "<group>"; };
		301FD7992FD813C20019443E /* AppDelegate.swift */ = {isa = PBXFileReference; lastKnownFileType = sourcecode.swift; path = AppDelegate.swift; sourceTree = "<group>"; };
		301FD79A2FD813C20019443E /* Assets.xcassets */ = {isa = PBXFileReference; lastKnownFileType = folder.assetcatalog; path = Assets.xcassets; sourceTree = "<group>"; };
		301FD79B2FD813C20019443E /* ContentView.swift */ = {isa = PBXFileReference; lastKnownFileType = sourcecode.swift; path = ContentView.swift; sourceTree = "<group>"; };
		301FD79C2FD813C20019443E /* Info.plist */ = {isa = PBXFileReference; lastKnownFileType = text.plist.xml; path = Info.plist; sourceTree = "<group>"; };
		301FD79D2FD813C20019443E /* Base */ = {isa = PBXFileReference; lastKnownFileType = file.storyboard; name = Base; path = Base.lproj/LaunchScreen.storyboard; sourceTree = "<group>"; };
		301FD79F2FD813C20019443E /* Base */ = {isa = PBXFileReference; lastKnownFileType = file.storyboard; name = Base; path = Base.lproj/Main.storyboard; sourceTree = "<group>"; };
		301FD7A12FD813C20019443E /* SceneDelegate.swift */ = {isa = PBXFileReference; lastKnownFileType = sourcecode.swift; path = SceneDelegate.swift; sourceTree = "<group>"; };
		301FD7A22FD813C20019443E /* ViewController.swift */ = {isa = PBXFileReference; lastKnownFileType = sourcecode.swift; path = ViewController.swift; sourceTree = "<group>"; };
		487CD3874FC6601C59A28582 /* Pods_211NorellSummit.framework */ = {isa = PBXFileReference; explicitFileType = wrapper.framework; includeInIndex = 0; path = Pods_211NorellSummit.framework; sourceTree = BUILT_PRODUCTS_DIR; };
		D959D1BB0266F6B361985C0C /* Pods-211NorellSummit.debug.xcconfig */ = {isa = PBXFileReference; includeInIndex = 1; lastKnownFileType = text.xcconfig; name = "Pods-211NorellSummit.debug.xcconfig"; path = "Target Support Files/Pods-211NorellSummit/Pods-211NorellSummit.debug.xcconfig"; sourceTree = "<group>"; };
		EDF0C3C60E4ABF792D5EA156 /* Pods-211NorellSummit.release.xcconfig */ = {isa = PBXFileReference; includeInIndex = 1; lastKnownFileType = text.xcconfig; name = "Pods-211NorellSummit.release.xcconfig"; path = "Target Support Files/Pods-211NorellSummit/Pods-211NorellSummit.release.xcconfig"; sourceTree = "<group>"; };
/* End PBXFileReference section */

/* Begin PBXFrameworksBuildPhase section */
		301FD5032FD74CB50019443E /* Frameworks */ = {
			isa = PBXFrameworksBuildPhase;
			buildActionMask = 2147483647;
			files = (
			);
			runOnlyForDeploymentPostprocessing = 0;
		};
/* End PBXFrameworksBuildPhase section */

/* Begin PBXGroup section */
		301FD4FD2FD74CB50019443E = {
			isa = PBXGroup;
			children = (
				301FD7A32FD813C20019443E /* 211NorellSummit */,
				301FD5072FD74CB50019443E /* Products */,
				8FBB5BFEFAF51C73BBBAA4B3 /* Pods */,
				CA397679DB64F85560F4B780 /* Frameworks */,
			);
			sourceTree = "<group>";
		};
		301FD5072FD74CB50019443E /* Products */ = {
			isa = PBXGroup;
			children = (
				301FD5062FD74CB50019443E /* 211NorellSummit.app */,
			);
			name = Products;
			sourceTree = "<group>";
		};
		301FD7512FD813C20019443E /* Cells */ = {
			isa = PBXGroup;
			children = (
				301FD7502FD813C20019443E /* AppCells.swift */,
			);
			path = Cells;
			sourceTree = "<group>";
		};
		301FD7572FD813C20019443E /* Components */ = {
			isa = PBXGroup;
			children = (
				301FD7512FD813C20019443E /* Cells */,
				301FD7522FD813C20019443E /* AchievementBannerView.swift */,
				301FD7532FD813C20019443E /* AppBackgroundView.swift */,
				301FD7542FD813C20019443E /* AppVisualStyle.swift */,
				301FD7552FD813C20019443E /* DesignSystem.swift */,
				301FD7562FD813C20019443E /* SuccessFeedback.swift */,
			);
			path = Components;
			sourceTree = "<group>";
		};
		301FD75A2FD813C20019443E /* Data */ = {
			isa = PBXGroup;
			children = (
				301FD7582FD813C20019443E /* RecipeCatalog.swift */,
				301FD7592FD813C20019443E /* RecipeRepository.swift */,
			);
			path = Data;
			sourceTree = "<group>";
		};
		301FD75C2FD813C20019443E /* Extensions */ = {
			isa = PBXGroup;
			children = (
				301FD75B2FD813C20019443E /* Notification+Names.swift */,
			);
			path = Extensions;
			sourceTree = "<group>";
		};
		301FD7672FD813C20019443E /* Models */ = {
			isa = PBXGroup;
			children = (
				301FD75D2FD813C20019443E /* AchievementDefinition.swift */,
				301FD75E2FD813C20019443E /* BatchCookSession.swift */,
				301FD75F2FD813C20019443E /* CookedRecipeEntry.swift */,
				301FD7602FD813C20019443E /* CookingTimer.swift */,
				301FD7612FD813C20019443E /* MealPlanEntry.swift */,
				301FD7622FD813C20019443E /* PantryItem.swift */,
				301FD7632FD813C20019443E /* Recipe.swift */,
				301FD7642FD813C20019443E /* RecipeCollection.swift */,
				301FD7652FD813C20019443E /* RecipeTag.swift */,
				301FD7662FD813C20019443E /* ShoppingListItem.swift */,
			);
			path = Models;
			sourceTree = "<group>";
		};
		301FD7692FD813C20019443E /* Storage */ = {
			isa = PBXGroup;
			children = (
				301FD7682FD813C20019443E /* AppStorage.swift */,
			);
			path = Storage;
			sourceTree = "<group>";
		};
		301FD76D2FD813C20019443E /* Utilities */ = {
			isa = PBXGroup;
			children = (
				301FD76A2FD813C20019443E /* HapticFeedback.swift */,
				301FD76B2FD813C20019443E /* ShakeEffect.swift */,
				301FD76C2FD813C20019443E /* SystemSound.swift */,
			);
			path = Utilities;
			sourceTree = "<group>";
		};
		301FD76E2FD813C20019443E /* Core */ = {
			isa = PBXGroup;
			children = (
				301FD7572FD813C20019443E /* Components */,
				301FD75A2FD813C20019443E /* Data */,
				301FD75C2FD813C20019443E /* Extensions */,
				301FD7672FD813C20019443E /* Models */,
				301FD7692FD813C20019443E /* Storage */,
				301FD76D2FD813C20019443E /* Utilities */,
			);
			path = Core;
			sourceTree = "<group>";
		};
		301FD7702FD813C20019443E /* Achievements */ = {
			isa = PBXGroup;
			children = (
				301FD76F2FD813C20019443E /* AchievementsView.swift */,
			);
			path = Achievements;
			sourceTree = "<group>";
		};
		301FD7722FD813C20019443E /* BatchCooking */ = {
			isa = PBXGroup;
			children = (
				301FD7712FD813C20019443E /* BatchCookingView.swift */,
			);
			path = BatchCooking;
			sourceTree = "<group>";
		};
		301FD7742FD813C20019443E /* Collections */ = {
			isa = PBXGroup;
			children = (
				301FD7732FD813C20019443E /* CollectionsView.swift */,
			);
			path = Collections;
			sourceTree = "<group>";
		};
		301FD7782FD813C20019443E /* CookingAlarms */ = {
			isa = PBXGroup;
			children = (
				301FD7752FD813C20019443E /* AddTimerView.swift */,
				301FD7762FD813C20019443E /* CookingAlarmsView.swift */,
				301FD7772FD813C20019443E /* CookingAlarmsViewModel.swift */,
			);
			path = CookingAlarms;
			sourceTree = "<group>";
		};
		301FD77A2FD813C20019443E /* CookMode */ = {
			isa = PBXGroup;
			children = (
				301FD7792FD813C20019443E /* CookModeView.swift */,
			);
			path = CookMode;
			sourceTree = "<group>";
		};
		301FD77C2FD813C20019443E /* CustomRecipes */ = {
			isa = PBXGroup;
			children = (
				301FD77B2FD813C20019443E /* AddRecipeView.swift */,
			);
			path = CustomRecipes;
			sourceTree = "<group>";
		};
		301FD77F2FD813C20019443E /* Home */ = {
			isa = PBXGroup;
			children = (
				301FD77D2FD813C20019443E /* HomeView.swift */,
				301FD77E2FD813C20019443E /* HomeViewModel.swift */,
			);
			path = Home;
			sourceTree = "<group>";
		};
		301FD7812FD813C20019443E /* Kitchen */ = {
			isa = PBXGroup;
			children = (
				301FD7802FD813C20019443E /* KitchenHubView.swift */,
			);
			path = Kitchen;
			sourceTree = "<group>";
		};
		301FD7832FD813C20019443E /* Main */ = {
			isa = PBXGroup;
			children = (
				301FD7822FD813C20019443E /* MainTabView.swift */,
			);
			path = Main;
			sourceTree = "<group>";
		};
		301FD7852FD813C20019443E /* MealPlan */ = {
			isa = PBXGroup;
			children = (
				301FD7842FD813C20019443E /* MealPlanView.swift */,
			);
			path = MealPlan;
			sourceTree = "<group>";
		};
		301FD7872FD813C20019443E /* Onboarding */ = {
			isa = PBXGroup;
			children = (
				301FD7862FD813C20019443E /* OnboardingView.swift */,
			);
			path = Onboarding;
			sourceTree = "<group>";
		};
		301FD78C2FD813C20019443E /* PantryTracker */ = {
			isa = PBXGroup;
			children = (
				301FD7882FD813C20019443E /* PantryItemFormView.swift */,
				301FD7892FD813C20019443E /* PantryStatsView.swift */,
				301FD78A2FD813C20019443E /* PantryTrackerView.swift */,
				301FD78B2FD813C20019443E /* PantryTrackerViewModel.swift */,
			);
			path = PantryTracker;
			sourceTree = "<group>";
		};
		301FD7902FD813C20019443E /* RecipeFinder */ = {
			isa = PBXGroup;
			children = (
				301FD78D2FD813C20019443E /* RecipeDetailView.swift */,
				301FD78E2FD813C20019443E /* RecipeFinderView.swift */,
				301FD78F2FD813C20019443E /* RecipeFinderViewModel.swift */,
			);
			path = RecipeFinder;
			sourceTree = "<group>";
		};
		301FD7932FD813C20019443E /* Settings */ = {
			isa = PBXGroup;
			children = (
				301FD7912FD813C20019443E /* AppLegalLinks.swift */,
				301FD7922FD813C20019443E /* SettingsView.swift */,
			);
			path = Settings;
			sourceTree = "<group>";
		};
		301FD7952FD813C20019443E /* ShoppingList */ = {
			isa = PBXGroup;
			children = (
				301FD7942FD813C20019443E /* ShoppingListView.swift */,
			);
			path = ShoppingList;
			sourceTree = "<group>";
		};
		301FD7962FD813C20019443E /* Features */ = {
			isa = PBXGroup;
			children = (
				301FD7702FD813C20019443E /* Achievements */,
				301FD7722FD813C20019443E /* BatchCooking */,
				301FD7742FD813C20019443E /* Collections */,
				301FD7782FD813C20019443E /* CookingAlarms */,
				301FD77A2FD813C20019443E /* CookMode */,
				301FD77C2FD813C20019443E /* CustomRecipes */,
				301FD77F2FD813C20019443E /* Home */,
				301FD7812FD813C20019443E /* Kitchen */,
				301FD7832FD813C20019443E /* Main */,
				301FD7852FD813C20019443E /* MealPlan */,
				301FD7872FD813C20019443E /* Onboarding */,
				301FD78C2FD813C20019443E /* PantryTracker */,
				301FD7902FD813C20019443E /* RecipeFinder */,
				301FD7932FD813C20019443E /* Settings */,
				301FD7952FD813C20019443E /* ShoppingList */,
			);
			path = Features;
			sourceTree = "<group>";
		};
		301FD7982FD813C20019443E /* Resources */ = {
			isa = PBXGroup;
			children = (
				301FD7972FD813C20019443E /* privacy_policy.md */,
			);
			path = Resources;
			sourceTree = "<group>";
		};
		301FD7A32FD813C20019443E /* 211NorellSummit */ = {
			isa = PBXGroup;
			children = (
				301FD76E2FD813C20019443E /* Core */,
				301FD7962FD813C20019443E /* Features */,
				301FD7982FD813C20019443E /* Resources */,
				301FD7992FD813C20019443E /* AppDelegate.swift */,
				301FD79A2FD813C20019443E /* Assets.xcassets */,
				301FD79B2FD813C20019443E /* ContentView.swift */,
				301FD79C2FD813C20019443E /* Info.plist */,
				301FD79E2FD813C20019443E /* LaunchScreen.storyboard */,
				301FD7A02FD813C20019443E /* Main.storyboard */,
				301FD7A12FD813C20019443E /* SceneDelegate.swift */,
				301FD7A22FD813C20019443E /* ViewController.swift */,
			);
			path = 211NorellSummit;
			sourceTree = "<group>";
		};
		8FBB5BFEFAF51C73BBBAA4B3 /* Pods */ = {
			isa = PBXGroup;
			children = (
				D959D1BB0266F6B361985C0C /* Pods-211NorellSummit.debug.xcconfig */,
				EDF0C3C60E4ABF792D5EA156 /* Pods-211NorellSummit.release.xcconfig */,
			);
			path = Pods;
			sourceTree = "<group>";
		};
		CA397679DB64F85560F4B780 /* Frameworks */ = {
			isa = PBXGroup;
			children = (
				487CD3874FC6601C59A28582 /* Pods_211NorellSummit.framework */,
			);
			name = Frameworks;
			sourceTree = "<group>";
		};
/* End PBXGroup section */

/* Begin PBXNativeTarget section */
		301FD5052FD74CB50019443E /* 211NorellSummit */ = {
			isa = PBXNativeTarget;
			buildConfigurationList = 301FD5192FD74CB70019443E /* Build configuration list for PBXNativeTarget "211NorellSummit" */;
			buildPhases = (
				35F5B4EF3488632CBDBACB56 /* [CP] Check Pods Manifest.lock */,
				301FD5022FD74CB50019443E /* Sources */,
				301FD5032FD74CB50019443E /* Frameworks */,
				301FD5042FD74CB50019443E /* Resources */,
			);
			buildRules = (
			);
			dependencies = (
			);
			name = 211NorellSummit;
			productName = 211NorellSummit;
			productReference = 301FD5062FD74CB50019443E /* 211NorellSummit.app */;
			productType = "com.apple.product-type.application";
		};
/* End PBXNativeTarget section */

/* Begin PBXProject section */
		301FD4FE2FD74CB50019443E /* Project object */ = {
			isa = PBXProject;
			attributes = {
				BuildIndependentTargetsInParallel = 1;
				LastSwiftUpdateCheck = 2650;
				LastUpgradeCheck = 2650;
				TargetAttributes = {
					301FD5052FD74CB50019443E = {
						CreatedOnToolsVersion = 26.5;
					};
				};
			};
			buildConfigurationList = 301FD5012FD74CB50019443E /* Build configuration list for PBXProject "211NorellSummit" */;
			compatibilityVersion = "Xcode 15.0";
			developmentRegion = en;
			hasScannedForEncodings = 0;
			knownRegions = (
				en,
				Base,
			);
			mainGroup = 301FD4FD2FD74CB50019443E;
			productRefGroup = 301FD5072FD74CB50019443E /* Products */;
			projectDirPath = "";
			projectRoot = "";
			targets = (
				301FD5052FD74CB50019443E /* 211NorellSummit */,
			);
		};
/* End PBXProject section */

/* Begin PBXResourcesBuildPhase section */
		301FD5042FD74CB50019443E /* Resources */ = {
			isa = PBXResourcesBuildPhase;
			buildActionMask = 2147483647;
			files = (
				301FD7D72FD813C20019443E /* privacy_policy.md in Resources */,
				301FD7D82FD813C20019443E /* Assets.xcassets in Resources */,
				301FD7DA2FD813C20019443E /* LaunchScreen.storyboard in Resources */,
				301FD7DB2FD813C20019443E /* Main.storyboard in Resources */,
			);
			runOnlyForDeploymentPostprocessing = 0;
		};
/* End PBXResourcesBuildPhase section */

/* Begin PBXShellScriptBuildPhase section */
		35F5B4EF3488632CBDBACB56 /* [CP] Check Pods Manifest.lock */ = {
			isa = PBXShellScriptBuildPhase;
			buildActionMask = 2147483647;
			files = (
			);
			inputFileListPaths = (
			);
			inputPaths = (
				"${PODS_PODFILE_DIR_PATH}/Podfile.lock",
				"${PODS_ROOT}/Manifest.lock",
			);
			name = "[CP] Check Pods Manifest.lock";
			outputFileListPaths = (
			);
			outputPaths = (
				"$(DERIVED_FILE_DIR)/Pods-211NorellSummit-checkManifestLockResult.txt",
			);
			runOnlyForDeploymentPostprocessing = 0;
			shellPath = /bin/sh;
			shellScript = "diff \"${PODS_PODFILE_DIR_PATH}/Podfile.lock\" \"${PODS_ROOT}/Manifest.lock\" > /dev/null\nif [ $? != 0 ] ; then\n    # print error to STDERR\n    echo \"error: The sandbox is not in sync with the Podfile.lock. Run 'pod install' or update your CocoaPods installation.\" >&2\n    exit 1\nfi\n# This output is used by Xcode 'outputs' to avoid re-running this script phase.\necho \"SUCCESS\" > \"${SCRIPT_OUTPUT_FILE_0}\"\n";
			showEnvVarsInLog = 0;
		};
/* End PBXShellScriptBuildPhase section */

/* Begin PBXSourcesBuildPhase section */
		301FD5022FD74CB50019443E /* Sources */ = {
			isa = PBXSourcesBuildPhase;
			buildActionMask = 2147483647;
			files = (
				301FD7A42FD813C20019443E /* AppCells.swift in Sources */,
				301FD7A52FD813C20019443E /* AchievementBannerView.swift in Sources */,
				301FD7A62FD813C20019443E /* AppBackgroundView.swift in Sources */,
				301FD7A72FD813C20019443E /* AppVisualStyle.swift in Sources */,
				301FD7A82FD813C20019443E /* DesignSystem.swift in Sources */,
				301FD7A92FD813C20019443E /* SuccessFeedback.swift in Sources */,
				301FD7AA2FD813C20019443E /* RecipeCatalog.swift in Sources */,
				301FD7AB2FD813C20019443E /* RecipeRepository.swift in Sources */,
				301FD7AC2FD813C20019443E /* Notification+Names.swift in Sources */,
				301FD7AD2FD813C20019443E /* AchievementDefinition.swift in Sources */,
				301FD7AE2FD813C20019443E /* BatchCookSession.swift in Sources */,
				301FD7AF2FD813C20019443E /* CookedRecipeEntry.swift in Sources */,
				301FD7B02FD813C20019443E /* CookingTimer.swift in Sources */,
				301FD7B12FD813C20019443E /* MealPlanEntry.swift in Sources */,
				301FD7B22FD813C20019443E /* PantryItem.swift in Sources */,
				301FD7B32FD813C20019443E /* Recipe.swift in Sources */,
				301FD7B42FD813C20019443E /* RecipeCollection.swift in Sources */,
				301FD7B52FD813C20019443E /* RecipeTag.swift in Sources */,
				301FD7B62FD813C20019443E /* ShoppingListItem.swift in Sources */,
				301FD7B72FD813C20019443E /* AppStorage.swift in Sources */,
				301FD7B82FD813C20019443E /* HapticFeedback.swift in Sources */,
				301FD7B92FD813C20019443E /* ShakeEffect.swift in Sources */,
				301FD7BA2FD813C20019443E /* SystemSound.swift in Sources */,
				301FD7BB2FD813C20019443E /* AchievementsView.swift in Sources */,
				301FD7BC2FD813C20019443E /* BatchCookingView.swift in Sources */,
				301FD7BD2FD813C20019443E /* CollectionsView.swift in Sources */,
				301FD7BE2FD813C20019443E /* AddTimerView.swift in Sources */,
				301FD7BF2FD813C20019443E /* CookingAlarmsView.swift in Sources */,
				301FD7C02FD813C20019443E /* CookingAlarmsViewModel.swift in Sources */,
				301FD7C12FD813C20019443E /* CookModeView.swift in Sources */,
				301FD7C22FD813C20019443E /* AddRecipeView.swift in Sources */,
				301FD7C32FD813C20019443E /* HomeView.swift in Sources */,
				301FD7C42FD813C20019443E /* HomeViewModel.swift in Sources */,
				301FD7C52FD813C20019443E /* KitchenHubView.swift in Sources */,
				301FD7C62FD813C20019443E /* MainTabView.swift in Sources */,
				301FD7C72FD813C20019443E /* MealPlanView.swift in Sources */,
				301FD7C82FD813C20019443E /* OnboardingView.swift in Sources */,
				301FD7C92FD813C20019443E /* PantryItemFormView.swift in Sources */,
				301FD7CA2FD813C20019443E /* PantryStatsView.swift in Sources */,
				301FD7CB2FD813C20019443E /* PantryTrackerView.swift in Sources */,
				301FD7CC2FD813C20019443E /* PantryTrackerViewModel.swift in Sources */,
				301FD7CD2FD813C20019443E /* RecipeDetailView.swift in Sources */,
				301FD7CE2FD813C20019443E /* RecipeFinderView.swift in Sources */,
				301FD7CF2FD813C20019443E /* RecipeFinderViewModel.swift in Sources */,
				301FD7D02FD813C20019443E /* AppLegalLinks.swift in Sources */,
				301FD7D12FD813C20019443E /* SettingsView.swift in Sources */,
				301FD7D22FD813C20019443E /* ShoppingListView.swift in Sources */,
				301FD7D32FD813C20019443E /* AppDelegate.swift in Sources */,
				301FD7D42FD813C20019443E /* ContentView.swift in Sources */,
				301FD7D52FD813C20019443E /* SceneDelegate.swift in Sources */,
				301FD7D62FD813C20019443E /* ViewController.swift in Sources */,
			);
			runOnlyForDeploymentPostprocessing = 0;
		};
/* End PBXSourcesBuildPhase section */

/* Begin PBXVariantGroup section */
		301FD79E2FD813C20019443E /* LaunchScreen.storyboard */ = {
			isa = PBXVariantGroup;
			children = (
				301FD79D2FD813C20019443E /* Base */,
			);
			name = LaunchScreen.storyboard;
			sourceTree = "<group>";
		};
		301FD7A02FD813C20019443E /* Main.storyboard */ = {
			isa = PBXVariantGroup;
			children = (
				301FD79F2FD813C20019443E /* Base */,
			);
			name = Main.storyboard;
			sourceTree = "<group>";
		};
/* End PBXVariantGroup section */

/* Begin XCBuildConfiguration section */
		301FD51A2FD74CB70019443E /* Debug */ = {
			isa = XCBuildConfiguration;
			baseConfigurationReference = D959D1BB0266F6B361985C0C /* Pods-211NorellSummit.debug.xcconfig */;
			buildSettings = {
				ASSETCATALOG_COMPILER_APPICON_NAME = AppIcon;
				ASSETCATALOG_COMPILER_GLOBAL_ACCENT_COLOR_NAME = AccentColor;
				CODE_SIGN_STYLE = Automatic;
				CURRENT_PROJECT_VERSION = 1;
				GENERATE_INFOPLIST_FILE = YES;
				INFOPLIST_FILE = 211NorellSummit/Info.plist;
				INFOPLIST_KEY_CFBundleDisplayName = "Norell Summit";
				INFOPLIST_KEY_ITSAppUsesNonExemptEncryption = NO;
				INFOPLIST_KEY_LSApplicationCategoryType = "public.app-category.food-and-drink";
				INFOPLIST_KEY_UIApplicationSupportsIndirectInputEvents = YES;
				INFOPLIST_KEY_UILaunchStoryboardName = LaunchScreen;
				INFOPLIST_KEY_UIMainStoryboardFile = Main;
				INFOPLIST_KEY_UIStatusBarStyle = UIStatusBarStyleLightContent;
				INFOPLIST_KEY_UISupportedInterfaceOrientations = "UIInterfaceOrientationLandscapeLeft UIInterfaceOrientationLandscapeRight UIInterfaceOrientationPortrait";
				INFOPLIST_KEY_UISupportedInterfaceOrientations_iPad = "UIInterfaceOrientationLandscapeLeft UIInterfaceOrientationLandscapeRight UIInterfaceOrientationPortrait UIInterfaceOrientationPortraitUpsideDown";
				IPHONEOS_DEPLOYMENT_TARGET = 16.6;
				LD_RUNPATH_SEARCH_PATHS = (
					"$(inherited)",
					"@executable_path/Frameworks",
				);
				MARKETING_VERSION = 1.0;
				PRODUCT_BUNDLE_IDENTIFIER = com.ewo.n0r3lls8mm1t;
				PRODUCT_NAME = "$(TARGET_NAME)";
				STRING_CATALOG_GENERATE_SYMBOLS = YES;
				SUPPORTED_PLATFORMS = "iphoneos iphonesimulator";
				SUPPORTS_MACCATALYST = NO;
				SUPPORTS_MAC_DESIGNED_FOR_IPHONE_IPAD = NO;
				SUPPORTS_XR_DESIGNED_FOR_IPHONE_IPAD = NO;
				SWIFT_APPROACHABLE_CONCURRENCY = YES;
				SWIFT_DEFAULT_ACTOR_ISOLATION = MainActor;
				SWIFT_EMIT_LOC_STRINGS = YES;
				SWIFT_UPCOMING_FEATURE_MEMBER_IMPORT_VISIBILITY = YES;
				SWIFT_VERSION = 5.0;
				TARGETED_DEVICE_FAMILY = 1;
			};
			name = Debug;
		};
		301FD51B2FD74CB70019443E /* Release */ = {
			isa = XCBuildConfiguration;
			baseConfigurationReference = EDF0C3C60E4ABF792D5EA156 /* Pods-211NorellSummit.release.xcconfig */;
			buildSettings = {
				ASSETCATALOG_COMPILER_APPICON_NAME = AppIcon;
				ASSETCATALOG_COMPILER_GLOBAL_ACCENT_COLOR_NAME = AccentColor;
				CODE_SIGN_STYLE = Automatic;
				CURRENT_PROJECT_VERSION = 1;
				GENERATE_INFOPLIST_FILE = YES;
				INFOPLIST_FILE = 211NorellSummit/Info.plist;
				INFOPLIST_KEY_CFBundleDisplayName = "Norell Summit";
				INFOPLIST_KEY_ITSAppUsesNonExemptEncryption = NO;
				INFOPLIST_KEY_LSApplicationCategoryType = "public.app-category.food-and-drink";
				INFOPLIST_KEY_UIApplicationSupportsIndirectInputEvents = YES;
				INFOPLIST_KEY_UILaunchStoryboardName = LaunchScreen;
				INFOPLIST_KEY_UIMainStoryboardFile = Main;
				INFOPLIST_KEY_UIStatusBarStyle = UIStatusBarStyleLightContent;
				INFOPLIST_KEY_UISupportedInterfaceOrientations = "UIInterfaceOrientationLandscapeLeft UIInterfaceOrientationLandscapeRight UIInterfaceOrientationPortrait";
				INFOPLIST_KEY_UISupportedInterfaceOrientations_iPad = "UIInterfaceOrientationLandscapeLeft UIInterfaceOrientationLandscapeRight UIInterfaceOrientationPortrait UIInterfaceOrientationPortraitUpsideDown";
				IPHONEOS_DEPLOYMENT_TARGET = 16.6;
				LD_RUNPATH_SEARCH_PATHS = (
					"$(inherited)",
					"@executable_path/Frameworks",
				);
				MARKETING_VERSION = 1.0;
				PRODUCT_BUNDLE_IDENTIFIER = com.ewo.n0r3lls8mm1t;
				PRODUCT_NAME = "$(TARGET_NAME)";
				STRING_CATALOG_GENERATE_SYMBOLS = YES;
				SUPPORTED_PLATFORMS = "iphoneos iphonesimulator";
				SUPPORTS_MACCATALYST = NO;
				SUPPORTS_MAC_DESIGNED_FOR_IPHONE_IPAD = NO;
				SUPPORTS_XR_DESIGNED_FOR_IPHONE_IPAD = NO;
				SWIFT_APPROACHABLE_CONCURRENCY = YES;
				SWIFT_DEFAULT_ACTOR_ISOLATION = MainActor;
				SWIFT_EMIT_LOC_STRINGS = YES;
				SWIFT_UPCOMING_FEATURE_MEMBER_IMPORT_VISIBILITY = YES;
				SWIFT_VERSION = 5.0;
				TARGETED_DEVICE_FAMILY = 1;
			};
			name = Release;
		};
		301FD51C2FD74CB70019443E /* Debug */ = {
			isa = XCBuildConfiguration;
			buildSettings = {
				ALWAYS_SEARCH_USER_PATHS = NO;
				ASSETCATALOG_COMPILER_GENERATE_SWIFT_ASSET_SYMBOL_EXTENSIONS = YES;
				CLANG_ANALYZER_NONNULL = YES;
				CLANG_ANALYZER_NUMBER_OBJECT_CONVERSION = YES_AGGRESSIVE;
				CLANG_CXX_LANGUAGE_STANDARD = "gnu++20";
				CLANG_ENABLE_MODULES = YES;
				CLANG_ENABLE_OBJC_ARC = YES;
				CLANG_ENABLE_OBJC_WEAK = YES;
				CLANG_WARN_BLOCK_CAPTURE_AUTORELEASING = YES;
				CLANG_WARN_BOOL_CONVERSION = YES;
				CLANG_WARN_COMMA = YES;
				CLANG_WARN_CONSTANT_CONVERSION = YES;
				CLANG_WARN_DEPRECATED_OBJC_IMPLEMENTATIONS = YES;
				CLANG_WARN_DIRECT_OBJC_ISA_USAGE = YES_ERROR;
				CLANG_WARN_DOCUMENTATION_COMMENTS = YES;
				CLANG_WARN_EMPTY_BODY = YES;
				CLANG_WARN_ENUM_CONVERSION = YES;
				CLANG_WARN_INFINITE_RECURSION = YES;
				CLANG_WARN_INT_CONVERSION = YES;
				CLANG_WARN_NON_LITERAL_NULL_CONVERSION = YES;
				CLANG_WARN_OBJC_IMPLICIT_RETAIN_SELF = YES;
				CLANG_WARN_OBJC_LITERAL_CONVERSION = YES;
				CLANG_WARN_OBJC_ROOT_CLASS = YES_ERROR;
				CLANG_WARN_QUOTED_INCLUDE_IN_FRAMEWORK_HEADER = YES;
				CLANG_WARN_RANGE_LOOP_ANALYSIS = YES;
				CLANG_WARN_STRICT_PROTOTYPES = YES;
				CLANG_WARN_SUSPICIOUS_MOVE = YES;
				CLANG_WARN_UNGUARDED_AVAILABILITY = YES_AGGRESSIVE;
				CLANG_WARN_UNREACHABLE_CODE = YES;
				CLANG_WARN__DUPLICATE_METHOD_MATCH = YES;
				COPY_PHASE_STRIP = NO;
				DEBUG_INFORMATION_FORMAT = dwarf;
				ENABLE_STRICT_OBJC_MSGSEND = YES;
				ENABLE_TESTABILITY = YES;
				ENABLE_USER_SCRIPT_SANDBOXING = YES;
				GCC_C_LANGUAGE_STANDARD = gnu17;
				GCC_DYNAMIC_NO_PIC = NO;
				GCC_NO_COMMON_BLOCKS = YES;
				GCC_OPTIMIZATION_LEVEL = 0;
				GCC_PREPROCESSOR_DEFINITIONS = (
					"DEBUG=1",
					"$(inherited)",
				);
				GCC_WARN_64_TO_32_BIT_CONVERSION = YES;
				GCC_WARN_ABOUT_RETURN_TYPE = YES_ERROR;
				GCC_WARN_UNDECLARED_SELECTOR = YES;
				GCC_WARN_UNINITIALIZED_AUTOS = YES_AGGRESSIVE;
				GCC_WARN_UNUSED_FUNCTION = YES;
				GCC_WARN_UNUSED_VARIABLE = YES;
				IPHONEOS_DEPLOYMENT_TARGET = 26.5;
				LOCALIZATION_PREFERS_STRING_CATALOGS = YES;
				MTL_ENABLE_DEBUG_INFO = INCLUDE_SOURCE;
				MTL_FAST_MATH = YES;
				ONLY_ACTIVE_ARCH = YES;
				SDKROOT = iphoneos;
				SWIFT_ACTIVE_COMPILATION_CONDITIONS = "DEBUG $(inherited)";
				SWIFT_OPTIMIZATION_LEVEL = "-Onone";
			};
			name = Debug;
		};
		301FD51D2FD74CB70019443E /* Release */ = {
			isa = XCBuildConfiguration;
			buildSettings = {
				ALWAYS_SEARCH_USER_PATHS = NO;
				ASSETCATALOG_COMPILER_GENERATE_SWIFT_ASSET_SYMBOL_EXTENSIONS = YES;
				CLANG_ANALYZER_NONNULL = YES;
				CLANG_ANALYZER_NUMBER_OBJECT_CONVERSION = YES_AGGRESSIVE;
				CLANG_CXX_LANGUAGE_STANDARD = "gnu++20";
				CLANG_ENABLE_MODULES = YES;
				CLANG_ENABLE_OBJC_ARC = YES;
				CLANG_ENABLE_OBJC_WEAK = YES;
				CLANG_WARN_BLOCK_CAPTURE_AUTORELEASING = YES;
				CLANG_WARN_BOOL_CONVERSION = YES;
				CLANG_WARN_COMMA = YES;
				CLANG_WARN_CONSTANT_CONVERSION = YES;
				CLANG_WARN_DEPRECATED_OBJC_IMPLEMENTATIONS = YES;
				CLANG_WARN_DIRECT_OBJC_ISA_USAGE = YES_ERROR;
				CLANG_WARN_DOCUMENTATION_COMMENTS = YES;
				CLANG_WARN_EMPTY_BODY = YES;
				CLANG_WARN_ENUM_CONVERSION = YES;
				CLANG_WARN_INFINITE_RECURSION = YES;
				CLANG_WARN_INT_CONVERSION = YES;
				CLANG_WARN_NON_LITERAL_NULL_CONVERSION = YES;
				CLANG_WARN_OBJC_IMPLICIT_RETAIN_SELF = YES;
				CLANG_WARN_OBJC_LITERAL_CONVERSION = YES;
				CLANG_WARN_OBJC_ROOT_CLASS = YES_ERROR;
				CLANG_WARN_QUOTED_INCLUDE_IN_FRAMEWORK_HEADER = YES;
				CLANG_WARN_RANGE_LOOP_ANALYSIS = YES;
				CLANG_WARN_STRICT_PROTOTYPES = YES;
				CLANG_WARN_SUSPICIOUS_MOVE = YES;
				CLANG_WARN_UNGUARDED_AVAILABILITY = YES_AGGRESSIVE;
				CLANG_WARN_UNREACHABLE_CODE = YES;
				CLANG_WARN__DUPLICATE_METHOD_MATCH = YES;
				COPY_PHASE_STRIP = NO;
				DEBUG_INFORMATION_FORMAT = "dwarf-with-dsym";
				ENABLE_NS_ASSERTIONS = NO;
				ENABLE_STRICT_OBJC_MSGSEND = YES;
				ENABLE_USER_SCRIPT_SANDBOXING = YES;
				GCC_C_LANGUAGE_STANDARD = gnu17;
				GCC_NO_COMMON_BLOCKS = YES;
				GCC_WARN_64_TO_32_BIT_CONVERSION = YES;
				GCC_WARN_ABOUT_RETURN_TYPE = YES_ERROR;
				GCC_WARN_UNDECLARED_SELECTOR = YES;
				GCC_WARN_UNINITIALIZED_AUTOS = YES_AGGRESSIVE;
				GCC_WARN_UNUSED_FUNCTION = YES;
				GCC_WARN_UNUSED_VARIABLE = YES;
				IPHONEOS_DEPLOYMENT_TARGET = 26.5;
				LOCALIZATION_PREFERS_STRING_CATALOGS = YES;
				MTL_ENABLE_DEBUG_INFO = NO;
				MTL_FAST_MATH = YES;
				SDKROOT = iphoneos;
				SWIFT_COMPILATION_MODE = wholemodule;
				VALIDATE_PRODUCT = YES;
			};
			name = Release;
		};
/* End XCBuildConfiguration section */

/* Begin XCConfigurationList section */
		301FD5012FD74CB50019443E /* Build configuration list for PBXProject "211NorellSummit" */ = {
			isa = XCConfigurationList;
			buildConfigurations = (
				301FD51C2FD74CB70019443E /* Debug */,
				301FD51D2FD74CB70019443E /* Release */,
			);
			defaultConfigurationIsVisible = 0;
			defaultConfigurationName = Release;
		};
		301FD5192FD74CB70019443E /* Build configuration list for PBXNativeTarget "211NorellSummit" */ = {
			isa = XCConfigurationList;
			buildConfigurations = (
				301FD51A2FD74CB70019443E /* Debug */,
				301FD51B2FD74CB70019443E /* Release */,
			);
			defaultConfigurationIsVisible = 0;
			defaultConfigurationName = Release;
		};
/* End XCConfigurationList section */
	};
	rootObject = 301FD4FE2FD74CB50019443E /* Project object */;
}
